
Microsoft Visual Studio Solution File, Format Version 12.00
# Visual Studio Version 16
VisualStudioVersion = 16.6.30114.105
MinimumVisualStudioVersion = 10.0.40219.1
Project("{FAE04EC0-301F-11D3-BF4B-00C04F79EFBC}") = "WebApi", "src\WebApi\WebApi.csproj", "{DBA72308-340A-4F63-938B-FAB10392CFAF}"
EndProject
Project("{FAE04EC0-301F-11D3-BF4B-00C04F79EFBC}") = "Core", "src\Core\Core.csproj", "{3B4C9235-EE32-471C-832B-BEEFA67F5128}"
EndProject
Project("{FAE04EC0-301F-11D3-BF4B-00C04F79EFBC}") = "Application", "src\Application\Application.csproj", "{94A695DC-401F-497F-B1B3-1666C3B679BC}"
EndProject
Project("{FAE04EC0-301F-11D3-BF4B-00C04F79EFBC}") = "Persistence", "src\Persistence\Persistence.csproj", "{AA73CF3C-9F3F-458E-956B-14A3F4FA02A2}"
EndProject
Project("{2150E333-8FDC-42A3-9474-1A3956D46DE8}") = "src", "src", "{36D6DB20-6DC8-11EC-BA5D-EF91CFF763AE}"
EndProject
Project("{2150E333-8FDC-42A3-9474-1A3956D46DE8}") = "tests", "tests", "{1D8FB230-7094-11EC-9FF4-2BC7977E9387}"
EndProject
Project("{FAE04EC0-301F-11D3-BF4B-00C04F79EFBC}") = "Core.UnitTests", "tests\Core.UnitTests\Core.UnitTests.csproj", "{C43817CC-2293-4B3F-BB65-BBE6559E13DB}"
EndProject
Project("{FAE04EC0-301F-11D3-BF4B-00C04F79EFBC}") = "Application.UnitTests", "tests\Application.UnitTests\Application.UnitTests.csproj", "{F12D9D4E-1ACF-4C37-8973-36DAEE743681}"
EndProject
Project("{FAE04EC0-301F-11D3-BF4B-00C04F79EFBC}") = "Persistence.IntegrationTests", "tests\Persistence.IntegrationTests\Persistence.IntegrationTests.csproj", "{C73689E5-6507-4CCC-A4C0-63EBD90DC815}"
EndProject
Project("{FAE04EC0-301F-11D3-BF4B-00C04F79EFBC}") = "TestHelpers", "tests\TestHelpers\TestHelpers.csproj", "{A33DDA70-E402-42D7-9FA8-96E680EB27C1}"
EndProject
Global
	GlobalSection(SolutionConfigurationPlatforms) = preSolution
		Debug|Any CPU = Debug|Any CPU
		Debug|x64 = Debug|x64
		Debug|x86 = Debug|x86
		Release|Any CPU = Release|Any CPU
		Release|x64 = Release|x64
		Release|x86 = Release|x86
	EndGlobalSection
	GlobalSection(SolutionProperties) = preSolution
		HideSolutionNode = FALSE
	EndGlobalSection
	GlobalSection(ProjectConfigurationPlatforms) = postSolution
		{DBA72308-340A-4F63-938B-FAB10392CFAF}.Debug|Any CPU.ActiveCfg = Debug|Any CPU
		{DBA72308-340A-4F63-938B-FAB10392CFAF}.Debug|Any CPU.Build.0 = Debug|Any CPU
		{DBA72308-340A-4F63-938B-FAB10392CFAF}.Debug|x64.ActiveCfg = Debug|Any CPU
		{DBA72308-340A-4F63-938B-FAB10392CFAF}.Debug|x64.Build.0 = Debug|Any CPU
		{DBA72308-340A-4F63-938B-FAB10392CFAF}.Debug|x86.ActiveCfg = Debug|Any CPU
		{DBA72308-340A-4F63-938B-FAB10392CFAF}.Debug|x86.Build.0 = Debug|Any CPU
		{DBA72308-340A-4F63-938B-FAB10392CFAF}.Release|Any CPU.ActiveCfg = Release|Any CPU
		{DBA72308-340A-4F63-938B-FAB10392CFAF}.Release|Any CPU.Build.0 = Release|Any CPU
		{DBA72308-340A-4F63-938B-FAB10392CFAF}.Release|x64.ActiveCfg = Release|Any CPU
		{DBA72308-340A-4F63-938B-FAB10392CFAF}.Release|x64.Build.0 = Release|Any CPU
		{DBA72308-340A-4F63-938B-FAB10392CFAF}.Release|x86.ActiveCfg = Release|Any CPU
		{DBA72308-340A-4F63-938B-FAB10392CFAF}.Release|x86.Build.0 = Release|Any CPU
		{3B4C9235-EE32-471C-832B-BEEFA67F5128}.Debug|Any CPU.ActiveCfg = Debug|Any CPU
		{3B4C9235-EE32-471C-832B-BEEFA67F5128}.Debug|Any CPU.Build.0 = Debug|Any CPU
		{3B4C9235-EE32-471C-832B-BEEFA67F5128}.Debug|x64.ActiveCfg = Debug|Any CPU
		{3B4C9235-EE32-471C-832B-BEEFA67F5128}.Debug|x64.Build.0 = Debug|Any CPU
		{3B4C9235-EE32-471C-832B-BEEFA67F5128}.Debug|x86.ActiveCfg = Debug|Any CPU
		{3B4C9235-EE32-471C-832B-BEEFA67F5128}.Debug|x86.Build.0 = Debug|Any CPU
		{3B4C9235-EE32-471C-832B-BEEFA67F5128}.Release|Any CPU.ActiveCfg = Release|Any CPU
		{3B4C9235-EE32-471C-832B-BEEFA67F5128}.Release|Any CPU.Build.0 = Release|Any CPU
		{3B4C9235-EE32-471C-832B-BEEFA67F5128}.Release|x64.ActiveCfg = Release|Any CPU
		{3B4C9235-EE32-471C-832B-BEEFA67F5128}.Release|x64.Build.0 = Release|Any CPU
		{3B4C9235-EE32-471C-832B-BEEFA67F5128}.Release|x86.ActiveCfg = Release|Any CPU
		{3B4C9235-EE32-471C-832B-BEEFA67F5128}.Release|x86.Build.0 = Release|Any CPU
		{94A695DC-401F-497F-B1B3-1666C3B679BC}.Debug|Any CPU.ActiveCfg = Debug|Any CPU
		{94A695DC-401F-497F-B1B3-1666C3B679BC}.Debug|Any CPU.Build.0 = Debug|Any CPU
		{94A695DC-401F-497F-B1B3-1666C3B679BC}.Debug|x64.ActiveCfg = Debug|Any CPU
		{94A695DC-401F-497F-B1B3-1666C3B679BC}.Debug|x64.Build.0 = Debug|Any CPU
		{94A695DC-401F-497F-B1B3-1666C3B679BC}.Debug|x86.ActiveCfg = Debug|Any CPU
		{94A695DC-401F-497F-B1B3-1666C3B679BC}.Debug|x86.Build.0 = Debug|Any CPU
		{94A695DC-401F-497F-B1B3-1666C3B679BC}.Release|Any CPU.ActiveCfg = Release|Any CPU
		{94A695DC-401F-497F-B1B3-1666C3B679BC}.Release|Any CPU.Build.0 = Release|Any CPU
		{94A695DC-401F-497F-B1B3-1666C3B679BC}.Release|x64.ActiveCfg = Release|Any CPU
		{94A695DC-401F-497F-B1B3-1666C3B679BC}.Release|x64.Build.0 = Release|Any CPU
		{94A695DC-401F-497F-B1B3-1666C3B679BC}.Release|x86.ActiveCfg = Release|Any CPU
		{94A695DC-401F-497F-B1B3-1666C3B679BC}.Release|x86.Build.0 = Release|Any CPU
		{AA73CF3C-9F3F-458E-956B-14A3F4FA02A2}.Debug|Any CPU.ActiveCfg = Debug|Any CPU
		{AA73CF3C-9F3F-458E-956B-14A3F4FA02A2}.Debug|Any CPU.Build.0 = Debug|Any CPU
		{AA73CF3C-9F3F-458E-956B-14A3F4FA02A2}.Debug|x64.ActiveCfg = Debug|Any CPU
		{AA73CF3C-9F3F-458E-956B-14A3F4FA02A2}.Debug|x64.Build.0 = Debug|Any CPU
		{AA73CF3C-9F3F-458E-956B-14A3F4FA02A2}.Debug|x86.ActiveCfg = Debug|Any CPU
		{AA73CF3C-9F3F-458E-956B-14A3F4FA02A2}.Debug|x86.Build.0 = Debug|Any CPU
		{AA73CF3C-9F3F-458E-956B-14A3F4FA02A2}.Release|Any CPU.ActiveCfg = Release|Any CPU
		{AA73CF3C-9F3F-458E-956B-14A3F4FA02A2}.Release|Any CPU.Build.0 = Release|Any CPU
		{AA73CF3C-9F3F-458E-956B-14A3F4FA02A2}.Release|x64.ActiveCfg = Release|Any CPU
		{AA73CF3C-9F3F-458E-956B-14A3F4FA02A2}.Release|x64.Build.0 = Release|Any CPU
		{AA73CF3C-9F3F-458E-956B-14A3F4FA02A2}.Release|x86.ActiveCfg = Release|Any CPU
		{AA73CF3C-9F3F-458E-956B-14A3F4FA02A2}.Release|x86.Build.0 = Release|Any CPU
		{C43817CC-2293-4B3F-BB65-BBE6559E13DB}.Debug|Any CPU.ActiveCfg = Debug|Any CPU
		{C43817CC-2293-4B3F-BB65-BBE6559E13DB}.Debug|Any CPU.Build.0 = Debug|Any CPU
		{C43817CC-2293-4B3F-BB65-BBE6559E13DB}.Debug|x64.ActiveCfg = Debug|Any CPU
		{C43817CC-2293-4B3F-BB65-BBE6559E13DB}.Debug|x64.Build.0 = Debug|Any CPU
		{C43817CC-2293-4B3F-BB65-BBE6559E13DB}.Debug|x86.ActiveCfg = Debug|Any CPU
		{C43817CC-2293-4B3F-BB65-BBE6559E13DB}.Debug|x86.Build.0 = Debug|Any CPU
		{C43817CC-2293-4B3F-BB65-BBE6559E13DB}.Release|Any CPU.ActiveCfg = Release|Any CPU
		{C43817CC-2293-4B3F-BB65-BBE6559E13DB}.Release|Any CPU.Build.0 = Release|Any CPU
		{C43817CC-2293-4B3F-BB65-BBE6559E13DB}.Release|x64.ActiveCfg = Release|Any CPU
		{C43817CC-2293-4B3F-BB65-BBE6559E13DB}.Release|x64.Build.0 = Release|Any CPU
		{C43817CC-2293-4B3F-BB65-BBE6559E13DB}.Release|x86.ActiveCfg = Release|Any CPU
		{C43817CC-2293-4B3F-BB65-BBE6559E13DB}.Release|x86.Build.0 = Release|Any CPU
		{F12D9D4E-1ACF-4C37-8973-36DAEE743681}.Debug|Any CPU.ActiveCfg = Debug|Any CPU
		{F12D9D4E-1ACF-4C37-8973-36DAEE743681}.Debug|Any CPU.Build.0 = Debug|Any CPU
		{F12D9D4E-1ACF-4C37-8973-36DAEE743681}.Debug|x64.ActiveCfg = Debug|Any CPU
		{F12D9D4E-1ACF-4C37-8973-36DAEE743681}.Debug|x64.Build.0 = Debug|Any CPU
		{F12D9D4E-1ACF-4C37-8973-36DAEE743681}.Debug|x86.ActiveCfg = Debug|Any CPU
		{F12D9D4E-1ACF-4C37-8973-36DAEE743681}.Debug|x86.Build.0 = Debug|Any CPU
		{F12D9D4E-1ACF-4C37-8973-36DAEE743681}.Release|Any CPU.ActiveCfg = Release|Any CPU
		{F12D9D4E-1ACF-4C37-8973-36DAEE743681}.Release|Any CPU.Build.0 = Release|Any CPU
		{F12D9D4E-1ACF-4C37-8973-36DAEE743681}.Release|x64.ActiveCfg = Release|Any CPU
		{F12D9D4E-1ACF-4C37-8973-36DAEE743681}.Release|x64.Build.0 = Release|Any CPU
		{F12D9D4E-1ACF-4C37-8973-36DAEE743681}.Release|x86.ActiveCfg = Release|Any CPU
		{F12D9D4E-1ACF-4C37-8973-36DAEE743681}.Release|x86.Build.0 = Release|Any CPU
		{C73689E5-6507-4CCC-A4C0-63EBD90DC815}.Debug|Any CPU.ActiveCfg = Debug|Any CPU
		{C73689E5-6507-4CCC-A4C0-63EBD90DC815}.Debug|Any CPU.Build.0 = Debug|Any CPU
		{C73689E5-6507-4CCC-A4C0-63EBD90DC815}.Debug|x64.ActiveCfg = Debug|Any CPU
		{C73689E5-6507-4CCC-A4C0-63EBD90DC815}.Debug|x64.Build.0 = Debug|Any CPU
		{C73689E5-6507-4CCC-A4C0-63EBD90DC815}.Debug|x86.ActiveCfg = Debug|Any CPU
		{C73689E5-6507-4CCC-A4C0-63EBD90DC815}.Debug|x86.Build.0 = Debug|Any CPU
		{C73689E5-6507-4CCC-A4C0-63EBD90DC815}.Release|Any CPU.ActiveCfg = Release|Any CPU
		{C73689E5-6507-4CCC-A4C0-63EBD90DC815}.Release|Any CPU.Build.0 = Release|Any CPU
		{C73689E5-6507-4CCC-A4C0-63EBD90DC815}.Release|x64.ActiveCfg = Release|Any CPU
		{C73689E5-6507-4CCC-A4C0-63EBD90DC815}.Release|x64.Build.0 = Release|Any CPU
		{C73689E5-6507-4CCC-A4C0-63EBD90DC815}.Release|x86.ActiveCfg = Release|Any CPU
		{C73689E5-6507-4CCC-A4C0-63EBD90DC815}.Release|x86.Build.0 = Release|Any CPU
		{A33DDA70-E402-42D7-9FA8-96E680EB27C1}.Debug|Any CPU.ActiveCfg = Debug|Any CPU
		{A33DDA70-E402-42D7-9FA8-96E680EB27C1}.Debug|Any CPU.Build.0 = Debug|Any CPU
		{A33DDA70-E402-42D7-9FA8-96E680EB27C1}.Debug|x64.ActiveCfg = Debug|Any CPU
		{A33DDA70-E402-42D7-9FA8-96E680EB27C1}.Debug|x64.Build.0 = Debug|Any CPU
		{A33DDA70-E402-42D7-9FA8-96E680EB27C1}.Debug|x86.ActiveCfg = Debug|Any CPU
		{A33DDA70-E402-42D7-9FA8-96E680EB27C1}.Debug|x86.Build.0 = Debug|Any CPU
		{A33DDA70-E402-42D7-9FA8-96E680EB27C1}.Release|Any CPU.ActiveCfg = Release|Any CPU
		{A33DDA70-E402-42D7-9FA8-96E680EB27C1}.Release|Any CPU.Build.0 = Release|Any CPU
		{A33DDA70-E402-42D7-9FA8-96E680EB27C1}.Release|x64.ActiveCfg = Release|Any CPU
		{A33DDA70-E402-42D7-9FA8-96E680EB27C1}.Release|x64.Build.0 = Release|Any CPU
		{A33DDA70-E402-42D7-9FA8-96E680EB27C1}.Release|x86.ActiveCfg = Release|Any CPU
		{A33DDA70-E402-42D7-9FA8-96E680EB27C1}.Release|x86.Build.0 = Release|Any CPU
	EndGlobalSection
	GlobalSection(NestedProjects) = preSolution
		{DBA72308-340A-4F63-938B-FAB10392CFAF} = {36D6DB20-6DC8-11EC-BA5D-EF91CFF763AE}
		{AA73CF3C-9F3F-458E-956B-14A3F4FA02A2} = {36D6DB20-6DC8-11EC-BA5D-EF91CFF763AE}
		{3B4C9235-EE32-471C-832B-BEEFA67F5128} = {36D6DB20-6DC8-11EC-BA5D-EF91CFF763AE}
		{94A695DC-401F-497F-B1B3-1666C3B679BC} = {36D6DB20-6DC8-11EC-BA5D-EF91CFF763AE}
		{C43817CC-2293-4B3F-BB65-BBE6559E13DB} = {1D8FB230-7094-11EC-9FF4-2BC7977E9387}
		{F12D9D4E-1ACF-4C37-8973-36DAEE743681} = {1D8FB230-7094-11EC-9FF4-2BC7977E9387}
		{C73689E5-6507-4CCC-A4C0-63EBD90DC815} = {1D8FB230-7094-11EC-9FF4-2BC7977E9387}
		{A33DDA70-E402-42D7-9FA8-96E680EB27C1} = {1D8FB230-7094-11EC-9FF4-2BC7977E9387}
	EndGlobalSection
EndGlobal
